
Microsoft Visual Studio Solution File, Format Version 12.00
# Visual Studio Version 17
VisualStudioVersion = 17.2.32519.379
MinimumVisualStudioVersion = 10.0.40219.1
Project("{9A19103F-16F7-4668-BE54-9A1E7A4F7556}") = "MarsRoverOFC", "MarsRoverOFC\MarsRoverOFC.csproj", "{BAE6603A-2494-4681-B9EF-CFBF77E00A55}"
EndProject
Project("{FAE04EC0-301F-11D3-BF4B-00C04F79EFBC}") = "MarsRoverOFC.Specs", "MarsRoverOFC.Specs\MarsRoverOFC.Specs.csproj", "{EDD1CE0A-2C90-49CF-917B-AC8265B6E3AE}"
EndProject
Global
	GlobalSection(SolutionConfigurationPlatforms) = preSolution
		Debug|Any CPU = Debug|Any CPU
		Release|Any CPU = Release|Any CPU
	EndGlobalSection
	GlobalSection(ProjectConfigurationPlatforms) = postSolution
		{BAE6603A-2494-4681-B9EF-CFBF77E00A55}.Debug|Any CPU.ActiveCfg = Debug|Any CPU
		{BAE6603A-2494-4681-B9EF-CFBF77E00A55}.Debug|Any CPU.Build.0 = Debug|Any CPU
		{BAE6603A-2494-4681-B9EF-CFBF77E00A55}.Release|Any CPU.ActiveCfg = Release|Any CPU
		{BAE6603A-2494-4681-B9EF-CFBF77E00A55}.Release|Any CPU.Build.0 = Release|Any CPU
		{EDD1CE0A-2C90-49CF-917B-AC8265B6E3AE}.Debug|Any CPU.ActiveCfg = Debug|Any CPU
		{EDD1CE0A-2C90-49CF-917B-AC8265B6E3AE}.Debug|Any CPU.Build.0 = Debug|Any CPU
		{EDD1CE0A-2C90-49CF-917B-AC8265B6E3AE}.Release|Any CPU.ActiveCfg = Release|Any CPU
		{EDD1CE0A-2C90-49CF-917B-AC8265B6E3AE}.Release|Any CPU.Build.0 = Release|Any CPU
	EndGlobalSection
	GlobalSection(SolutionProperties) = preSolution
		HideSolutionNode = FALSE
	EndGlobalSection
	GlobalSection(ExtensibilityGlobals) = postSolution
		SolutionGuid = {60425D7F-DB35-4BBB-8C17-C12F35DAAADC}
	EndGlobalSection
EndGlobal
